// !$*UTF8*$!
{
	archiveVersion = 1;
	classes = {
	};
	objectVersion = 56;
	objects = {

/* Begin PBXBuildFile section */
		3CCEE240298A1EE500783B28 /* AppDelegate.swift in Sources */ = {isa = PBXBuildFile; fileRef = 3CCEE23F298A1EE500783B28 /* AppDelegate.swift */; };
		3CCEE242298A1EE500783B28 /* ScrollInteraction.swift in Sources */ = {isa = PBXBuildFile; fileRef = 3CCEE241298A1EE500783B28 /* ScrollInteraction.swift */; };
		3CCEE244298A1EE700783B28 /* Assets.xcassets in Resources */ = {isa = PBXBuildFile; fileRef = 3CCEE243298A1EE700783B28 /* Assets.xcassets */; };
		3CCEE24F298A1F2F00783B28 /* ViewModel.swift in Sources */ = {isa = PBXBuildFile; fileRef = 3CCEE24E298A1F2F00783B28 /* ViewModel.swift */; };
		3CCEE251298A1FFA00783B28 /* ViewModel+Logic.swift in Sources */ = {isa = PBXBuildFile; fileRef = 3CCEE250298A1FFA00783B28 /* ViewModel+Logic.swift */; };
		3CCEE253298A201500783B28 /* ViewModel+Utilities.swift in Sources */ = {isa = PBXBuildFile; fileRef = 3CCEE252298A201500783B28 /* ViewModel+Utilities.swift */; };
		3CCEE255298A212E00783B28 /* ContentView.swift in Sources */ = {isa = PBXBuildFile; fileRef = 3CCEE254298A212E00783B28 /* ContentView.swift */; };
		3CCEE257298A223700783B28 /* main.swift in Sources */ = {isa = PBXBuildFile; fileRef = 3CCEE256298A223700783B28 /* main.swift */; };
/* End PBXBuildFile section */

/* Begin PBXFileReference section */
		3CCEE23C298A1EE500783B28 /* Squirrel.app */ = {isa = PBXFileReference; explicitFileType = wrapper.application; includeInIndex = 0; path = Squirrel.app; sourceTree = BUILT_PRODUCTS_DIR; };
		3CCEE23F298A1EE500783B28 /* AppDelegate.swift */ = {isa = PBXFileReference; lastKnownFileType = sourcecode.swift; path = AppDelegate.swift; sourceTree = "<group>"; };
		3CCEE241298A1EE500783B28 /* ScrollInteraction.swift */ = {isa = PBXFileReference; lastKnownFileType = sourcecode.swift; path = ScrollInteraction.swift; sourceTree = "<group>"; };
		3CCEE243298A1EE700783B28 /* Assets.xcassets */ = {isa = PBXFileReference; lastKnownFileType = folder.assetcatalog; path = Assets.xcassets; sourceTree = "<group>"; };
		3CCEE248298A1EE700783B28 /* Squirrel.entitlements */ = {isa = PBXFileReference; lastKnownFileType = text.plist.entitlements; path = Squirrel.entitlements; sourceTree = "<group>"; };
		3CCEE24E298A1F2F00783B28 /* ViewModel.swift */ = {isa = PBXFileReference; lastKnownFileType = sourcecode.swift; path = ViewModel.swift; sourceTree = "<group>"; };
		3CCEE250298A1FFA00783B28 /* ViewModel+Logic.swift */ = {isa = PBXFileReference; lastKnownFileType = sourcecode.swift; path = "ViewModel+Logic.swift"; sourceTree = "<group>"; };
		3CCEE252298A201500783B28 /* ViewModel+Utilities.swift */ = {isa = PBXFileReference; lastKnownFileType = sourcecode.swift; path = "ViewModel+Utilities.swift"; sourceTree = "<group>"; };
		3CCEE254298A212E00783B28 /* ContentView.swift */ = {isa = PBXFileReference; lastKnownFileType = sourcecode.swift; path = ContentView.swift; sourceTree = "<group>"; };
		3CCEE256298A223700783B28 /* main.swift */ = {isa = PBXFileReference; lastKnownFileType = sourcecode.swift; path = main.swift; sourceTree = "<group>"; };
/* End PBXFileReference section */

/* Begin PBXFrameworksBuildPhase section */
		3CCEE239298A1EE500783B28 /* Frameworks */ = {
			isa = PBXFrameworksBuildPhase;
			buildActionMask = 2147483647;
			files = (
			);
			runOnlyForDeploymentPostprocessing = 0;
		};
/* End PBXFrameworksBuildPhase section */

/* Begin PBXGroup section */
		3CCEE233298A1EE500783B28 = {
			isa = PBXGroup;
			children = (
				3CCEE23E298A1EE500783B28 /* Squirrel */,
				3CCEE23D298A1EE500783B28 /* Products */,
			);
			sourceTree = "<group>";
		};
		3CCEE23D298A1EE500783B28 /* Products */ = {
			isa = PBXGroup;
			children = (
				3CCEE23C298A1EE500783B28 /* Squirrel.app */,
			);
			name = Products;
			sourceTree = "<group>";
		};
		3CCEE23E298A1EE500783B28 /* Squirrel */ = {
			isa = PBXGroup;
			children = (
				3CCEE256298A223700783B28 /* main.swift */,
				3CCEE23F298A1EE500783B28 /* AppDelegate.swift */,
				3CCEE241298A1EE500783B28 /* ScrollInteraction.swift */,
				3CCEE24E298A1F2F00783B28 /* ViewModel.swift */,
				3CCEE252298A201500783B28 /* ViewModel+Utilities.swift */,
				3CCEE250298A1FFA00783B28 /* ViewModel+Logic.swift */,
				3CCEE254298A212E00783B28 /* ContentView.swift */,
				3CCEE243298A1EE700783B28 /* Assets.xcassets */,
				3CCEE248298A1EE700783B28 /* Squirrel.entitlements */,
			);
			path = Squirrel;
			sourceTree = "<group>";
		};
/* End PBXGroup section */

/* Begin PBXNativeTarget section */
		3CCEE23B298A1EE500783B28 /* Squirrel */ = {
			isa = PBXNativeTarget;
			buildConfigurationList = 3CCEE24B298A1EE700783B28 /* Build configuration list for PBXNativeTarget "Squirrel" */;
			buildPhases = (
				3CCEE238298A1EE500783B28 /* Sources */,
				3CCEE239298A1EE500783B28 /* Frameworks */,
				3CCEE23A298A1EE500783B28 /* Resources */,
			);
			buildRules = (
			);
			dependencies = (
			);
			name = Squirrel;
			productName = Squirrel;
			productReference = 3CCEE23C298A1EE500783B28 /* Squirrel.app */;
			productType = "com.apple.product-type.application";
		};
/* End PBXNativeTarget section */

/* Begin PBXProject section */
		3CCEE234298A1EE500783B28 /* Project object */ = {
			isa = PBXProject;
			attributes = {
				BuildIndependentTargetsInParallel = 1;
				LastSwiftUpdateCheck = 1410;
				LastUpgradeCheck = 1410;
				TargetAttributes = {
					3CCEE23B298A1EE500783B28 = {
						CreatedOnToolsVersion = 14.1;
					};
				};
			};
			buildConfigurationList = 3CCEE237298A1EE500783B28 /* Build configuration list for PBXProject "Squirrel" */;
			compatibilityVersion = "Xcode 14.0";
			developmentRegion = en;
			hasScannedForEncodings = 0;
			knownRegions = (
				en,
				Base,
			);
			mainGroup = 3CCEE233298A1EE500783B28;
			productRefGroup = 3CCEE23D298A1EE500783B28 /* Products */;
			projectDirPath = "";
			projectRoot = "";
			targets = (
				3CCEE23B298A1EE500783B28 /* Squirrel */,
			);
		};
/* End PBXProject section */

/* Begin PBXResourcesBuildPhase section */
		3CCEE23A298A1EE500783B28 /* Resources */ = {
			isa = PBXResourcesBuildPhase;
			buildActionMask = 2147483647;
			files = (
				3CCEE244298A1EE700783B28 /* Assets.xcassets in Resources */,
			);
			runOnlyForDeploymentPostprocessing = 0;
		};
/* End PBXResourcesBuildPhase section */

/* Begin PBXSourcesBuildPhase section */
		3CCEE238298A1EE500783B28 /* Sources */ = {
			isa = PBXSourcesBuildPhase;
			buildActionMask = 2147483647;
			files = (
				3CCEE242298A1EE500783B28 /* ScrollInteraction.swift in Sources */,
				3CCEE257298A223700783B28 /* main.swift in Sources */,
				3CCEE251298A1FFA00783B28 /* ViewModel+Logic.swift in Sources */,
				3CCEE255298A212E00783B28 /* ContentView.swift in Sources */,
				3CCEE24F298A1F2F00783B28 /* ViewModel.swift in Sources */,
				3CCEE253298A201500783B28 /* ViewModel+Utilities.swift in Sources */,
				3CCEE240298A1EE500783B28 /* AppDelegate.swift in Sources */,
			);
			runOnlyForDeploymentPostprocessing = 0;
		};
/* End PBXSourcesBuildPhase section */

/* Begin XCBuildConfiguration section */
		3CCEE249298A1EE700783B28 /* Debug */ = {
			isa = XCBuildConfiguration;
			buildSettings = {
				ALWAYS_SEARCH_USER_PATHS = NO;
				CLANG_ANALYZER_NONNULL = YES;
				CLANG_ANALYZER_NUMBER_OBJECT_CONVERSION = YES_AGGRESSIVE;
				CLANG_CXX_LANGUAGE_STANDARD = "gnu++20";
				CLANG_ENABLE_MODULES = YES;
				CLANG_ENABLE_OBJC_ARC = YES;
				CLANG_ENABLE_OBJC_WEAK = YES;
				CLANG_WARN_BLOCK_CAPTURE_AUTORELEASING = YES;
				CLANG_WARN_BOOL_CONVERSION = YES;
				CLANG_WARN_COMMA = YES;
				CLANG_WARN_CONSTANT_CONVERSION = YES;
				CLANG_WARN_DEPRECATED_OBJC_IMPLEMENTATIONS = YES;
				CLANG_WARN_DIRECT_OBJC_ISA_USAGE = YES_ERROR;
				CLANG_WARN_DOCUMENTATION_COMMENTS = YES;
				CLANG_WARN_EMPTY_BODY = YES;
				CLANG_WARN_ENUM_CONVERSION = YES;
				CLANG_WARN_INFINITE_RECURSION = YES;
				CLANG_WARN_INT_CONVERSION = YES;
				CLANG_WARN_NON_LITERAL_NULL_CONVERSION = YES;
				CLANG_WARN_OBJC_IMPLICIT_RETAIN_SELF = YES;
				CLANG_WARN_OBJC_LITERAL_CONVERSION = YES;
				CLANG_WARN_OBJC_ROOT_CLASS = YES_ERROR;
				CLANG_WARN_QUOTED_INCLUDE_IN_FRAMEWORK_HEADER = YES;
				CLANG_WARN_RANGE_LOOP_ANALYSIS = YES;
				CLANG_WARN_STRICT_PROTOTYPES = YES;
				CLANG_WARN_SUSPICIOUS_MOVE = YES;
				CLANG_WARN_UNGUARDED_AVAILABILITY = YES_AGGRESSIVE;
				CLANG_WARN_UNREACHABLE_CODE = YES;
				CLANG_WARN__DUPLICATE_METHOD_MATCH = YES;
				COPY_PHASE_STRIP = NO;
				DEBUG_INFORMATION_FORMAT = dwarf;
				ENABLE_STRICT_OBJC_MSGSEND = YES;
				ENABLE_TESTABILITY = YES;
				GCC_C_LANGUAGE_STANDARD = gnu11;
				GCC_DYNAMIC_NO_PIC = NO;
				GCC_NO_COMMON_BLOCKS = YES;
				GCC_OPTIMIZATION_LEVEL = 0;
				GCC_PREPROCESSOR_DEFINITIONS = (
					"DEBUG=1",
					"$(inherited)",
				);
				GCC_WARN_64_TO_32_BIT_CONVERSION = YES;
				GCC_WARN_ABOUT_RETURN_TYPE = YES_ERROR;
				GCC_WARN_UNDECLARED_SELECTOR = YES;
				GCC_WARN_UNINITIALIZED_AUTOS = YES_AGGRESSIVE;
				GCC_WARN_UNUSED_FUNCTION = YES;
				GCC_WARN_UNUSED_VARIABLE = YES;
				MACOSX_DEPLOYMENT_TARGET = 13.0;
				MTL_ENABLE_DEBUG_INFO = INCLUDE_SOURCE;
				MTL_FAST_MATH = YES;
				ONLY_ACTIVE_ARCH = YES;
				SDKROOT = macosx;
				SWIFT_ACTIVE_COMPILATION_CONDITIONS = DEBUG;
				SWIFT_OPTIMIZATION_LEVEL = "-Onone";
			};
			name = Debug;
		};
		3CCEE24A298A1EE700783B28 /* Release */ = {
			isa = XCBuildConfiguration;
			buildSettings = {
				ALWAYS_SEARCH_USER_PATHS = NO;
				CLANG_ANALYZER_NONNULL = YES;
				CLANG_ANALYZER_NUMBER_OBJECT_CONVERSION = YES_AGGRESSIVE;
				CLANG_CXX_LANGUAGE_STANDARD = "gnu++20";
				CLANG_ENABLE_MODULES = YES;
				CLANG_ENABLE_OBJC_ARC = YES;
				CLANG_ENABLE_OBJC_WEAK = YES;
				CLANG_WARN_BLOCK_CAPTURE_AUTORELEASING = YES;
				CLANG_WARN_BOOL_CONVERSION = YES;
				CLANG_WARN_COMMA = YES;
				CLANG_WARN_CONSTANT_CONVERSION = YES;
				CLANG_WARN_DEPRECATED_OBJC_IMPLEMENTATIONS = YES;
				CLANG_WARN_DIRECT_OBJC_ISA_USAGE = YES_ERROR;
				CLANG_WARN_DOCUMENTATION_COMMENTS = YES;
				CLANG_WARN_EMPTY_BODY = YES;
				CLANG_WARN_ENUM_CONVERSION = YES;
				CLANG_WARN_INFINITE_RECURSION = YES;
				CLANG_WARN_INT_CONVERSION = YES;
				CLANG_WARN_NON_LITERAL_NULL_CONVERSION = YES;
				CLANG_WARN_OBJC_IMPLICIT_RETAIN_SELF = YES;
				CLANG_WARN_OBJC_LITERAL_CONVERSION = YES;
				CLANG_WARN_OBJC_ROOT_CLASS = YES_ERROR;
				CLANG_WARN_QUOTED_INCLUDE_IN_FRAMEWORK_HEADER = YES;
				CLANG_WARN_RANGE_LOOP_ANALYSIS = YES;
				CLANG_WARN_STRICT_PROTOTYPES = YES;
				CLANG_WARN_SUSPICIOUS_MOVE = YES;
				CLANG_WARN_UNGUARDED_AVAILABILITY = YES_AGGRESSIVE;
				CLANG_WARN_UNREACHABLE_CODE = YES;
				CLANG_WARN__DUPLICATE_METHOD_MATCH = YES;
				COPY_PHASE_STRIP = NO;
				DEBUG_INFORMATION_FORMAT = "dwarf-with-dsym";
				ENABLE_NS_ASSERTIONS = NO;
				ENABLE_STRICT_OBJC_MSGSEND = YES;
				GCC_C_LANGUAGE_STANDARD = gnu11;
				GCC_NO_COMMON_BLOCKS = YES;
				GCC_WARN_64_TO_32_BIT_CONVERSION = YES;
				GCC_WARN_ABOUT_RETURN_TYPE = YES_ERROR;
				GCC_WARN_UNDECLARED_SELECTOR = YES;
				GCC_WARN_UNINITIALIZED_AUTOS = YES_AGGRESSIVE;
				GCC_WARN_UNUSED_FUNCTION = YES;
				GCC_WARN_UNUSED_VARIABLE = YES;
				MACOSX_DEPLOYMENT_TARGET = 13.0;
				MTL_ENABLE_DEBUG_INFO = NO;
				MTL_FAST_MATH = YES;
				SDKROOT = macosx;
				SWIFT_COMPILATION_MODE = wholemodule;
				SWIFT_OPTIMIZATION_LEVEL = "-O";
			};
			name = Release;
		};
		3CCEE24C298A1EE700783B28 /* Debug */ = {
			isa = XCBuildConfiguration;
			buildSettings = {
				ASSETCATALOG_COMPILER_APPICON_NAME = AppIcon;
				ASSETCATALOG_COMPILER_GLOBAL_ACCENT_COLOR_NAME = AccentColor;
				CODE_SIGN_ENTITLEMENTS = Squirrel/Squirrel.entitlements;
				CODE_SIGN_STYLE = Automatic;
				COMBINE_HIDPI_IMAGES = YES;
				CURRENT_PROJECT_VERSION = 1;
				DEVELOPMENT_TEAM = WV6XDLHK3W;
				ENABLE_HARDENED_RUNTIME = YES;
				GENERATE_INFOPLIST_FILE = YES;
				INFOPLIST_KEY_LSUIElement = YES;
				INFOPLIST_KEY_NSHumanReadableCopyright = "";
				INFOPLIST_KEY_NSPrincipalClass = NSApplication;
				LD_RUNPATH_SEARCH_PATHS = (
					"$(inherited)",
					"@executable_path/../Frameworks",
				);
				MARKETING_VERSION = 1.0;
				PRODUCT_BUNDLE_IDENTIFIER = com.aheze.Squirrel;
				PRODUCT_NAME = "$(TARGET_NAME)";
				SWIFT_EMIT_LOC_STRINGS = YES;
				SWIFT_VERSION = 5.0;
			};
			name = Debug;
		};
		3CCEE24D298A1EE700783B28 /* Release */ = {
			isa = XCBuildConfiguration;
			buildSettings = {
				ASSETCATALOG_COMPILER_APPICON_NAME = AppIcon;
				ASSETCATALOG_COMPILER_GLOBAL_ACCENT_COLOR_NAME = AccentColor;
				CODE_SIGN_ENTITLEMENTS = Squirrel/Squirrel.entitlements;
				CODE_SIGN_STYLE = Automatic;
				COMBINE_HIDPI_IMAGES = YES;
				CURRENT_PROJECT_VERSION = 1;
				DEVELOPMENT_TEAM = WV6XDLHK3W;
				ENABLE_HARDENED_RUNTIME = YES;
				GENERATE_INFOPLIST_FILE = YES;
				INFOPLIST_KEY_LSUIElement = YES;
				INFOPLIST_KEY_NSHumanReadableCopyright = "";
				INFOPLIST_KEY_NSPrincipalClass = NSApplication;
				LD_RUNPATH_SEARCH_PATHS = (
					"$(inherited)",
					"@executable_path/../Frameworks",
				);
				MARKETING_VERSION = 1.0;
				PRODUCT_BUNDLE_IDENTIFIER = com.aheze.Squirrel;
				PRODUCT_NAME = "$(TARGET_NAME)";
				SWIFT_EMIT_LOC_STRINGS = YES;
				SWIFT_VERSION = 5.0;
			};
			name = Release;
		};
/* End XCBuildConfiguration section */

/* Begin XCConfigurationList section */
		3CCEE237298A1EE500783B28 /* Build configuration list for PBXProject "Squirrel" */ = {
			isa = XCConfigurationList;
			buildConfigurations = (
				3CCEE249298A1EE700783B28 /* Debug */,
				3CCEE24A298A1EE700783B28 /* Release */,
			);
			defaultConfigurationIsVisible = 0;
			defaultConfigurationName = Release;
		};
		3CCEE24B298A1EE700783B28 /* Build configuration list for PBXNativeTarget "Squirrel" */ = {
			isa = XCConfigurationList;
			buildConfigurations = (
				3CCEE24C298A1EE700783B28 /* Debug */,
				3CCEE24D298A1EE700783B28 /* Release */,
			);
			defaultConfigurationIsVisible = 0;
			defaultConfigurationName = Release;
		};
/* End XCConfigurationList section */
	};
	rootObject = 3CCEE234298A1EE500783B28 /* Project object */;
}
